
Microsoft Visual Studio Solution File, Format Version 12.00
# Visual Studio Version 17
VisualStudioVersion = 17.11.35312.102
MinimumVisualStudioVersion = 10.0.40219.1
Project("{FAE04EC0-301F-11D3-BF4B-00C04F79EFBC}") = "SpaNewYork", "SpaNewYork\SpaNewYork.csproj", "{DBB744B6-E414-4522-89E4-F7891E1FAA27}"
EndProject
Global
	GlobalSection(SolutionConfigurationPlatforms) = preSolution
		Debug|Any CPU = Debug|Any CPU
		Release|Any CPU = Release|Any CPU
	EndGlobalSection
	GlobalSection(ProjectConfigurationPlatforms) = postSolution
		{DBB744B6-E414-4522-89E4-F7891E1FAA27}.Debug|Any CPU.ActiveCfg = Debug|Any CPU
		{DBB744B6-E414-4522-89E4-F7891E1FAA27}.Debug|Any CPU.Build.0 = Debug|Any CPU
		{DBB744B6-E414-4522-89E4-F7891E1FAA27}.Release|Any CPU.ActiveCfg = Release|Any CPU
		{DBB744B6-E414-4522-89E4-F7891E1FAA27}.Release|Any CPU.Build.0 = Release|Any CPU
	EndGlobalSection
	GlobalSection(SolutionProperties) = preSolution
		HideSolutionNode = FALSE
	EndGlobalSection
	GlobalSection(ExtensibilityGlobals) = postSolution
		SolutionGuid = {C080DB94-0FA2-40B4-BD3F-95C62C3B9B33}
	EndGlobalSection
EndGlobal
